
Microsoft Visual Studio Solution File, Format Version 12.00
# Visual Studio Version 16
VisualStudioVersion = 16.0.31105.61
MinimumVisualStudioVersion = 10.0.40219.1
Project("{8BC9CEB8-8B4A-11D0-8D11-00A0C91BC942}") = "pro3", "pro3\pro3.vcxproj", "{F618F5F8-AE4C-4AC0-9F04-ED44A308BD78}"
EndProject
Global
	GlobalSection(SolutionConfigurationPlatforms) = preSolution
		Debug|x64 = Debug|x64
		Debug|x86 = Debug|x86
		Release|x64 = Release|x64
		Release|x86 = Release|x86
	EndGlobalSection
	GlobalSection(ProjectConfigurationPlatforms) = postSolution
		{F618F5F8-AE4C-4AC0-9F04-ED44A308BD78}.Debug|x64.ActiveCfg = Debug|x64
		{F618F5F8-AE4C-4AC0-9F04-ED44A308BD78}.Debug|x64.Build.0 = Debug|x64
		{F618F5F8-AE4C-4AC0-9F04-ED44A308BD78}.Debug|x86.ActiveCfg = Debug|Win32
		{F618F5F8-AE4C-4AC0-9F04-ED44A308BD78}.Debug|x86.Build.0 = Debug|Win32
		{F618F5F8-AE4C-4AC0-9F04-ED44A308BD78}.Release|x64.ActiveCfg = Release|x64
		{F618F5F8-AE4C-4AC0-9F04-ED44A308BD78}.Release|x64.Build.0 = Release|x64
		{F618F5F8-AE4C-4AC0-9F04-ED44A308BD78}.Release|x86.ActiveCfg = Release|Win32
		{F618F5F8-AE4C-4AC0-9F04-ED44A308BD78}.Release|x86.Build.0 = Release|Win32
	EndGlobalSection
	GlobalSection(SolutionProperties) = preSolution
		HideSolutionNode = FALSE
	EndGlobalSection
	GlobalSection(ExtensibilityGlobals) = postSolution
		SolutionGuid = {5B8398AE-D71F-4CE1-87D9-C4EEAE818953}
	EndGlobalSection
EndGlobal
